
Microsoft Visual Studio Solution File, Format Version 12.00
# Visual Studio Version 17
VisualStudioVersion = 17.8.34330.188
MinimumVisualStudioVersion = 10.0.40219.1
Project("{FAE04EC0-301F-11D3-BF4B-00C04F79EFBC}") = "randown", "randown\randown.csproj", "{A9366987-6837-443E-9EC4-D00989CC956F}"
EndProject
Global
	GlobalSection(SolutionConfigurationPlatforms) = preSolution
		Debug|Any CPU = Debug|Any CPU
		Release|Any CPU = Release|Any CPU
	EndGlobalSection
	GlobalSection(ProjectConfigurationPlatforms) = postSolution
		{A9366987-6837-443E-9EC4-D00989CC956F}.Debug|Any CPU.ActiveCfg = Debug|Any CPU
		{A9366987-6837-443E-9EC4-D00989CC956F}.Debug|Any CPU.Build.0 = Debug|Any CPU
		{A9366987-6837-443E-9EC4-D00989CC956F}.Release|Any CPU.ActiveCfg = Release|Any CPU
		{A9366987-6837-443E-9EC4-D00989CC956F}.Release|Any CPU.Build.0 = Release|Any CPU
	EndGlobalSection
	GlobalSection(SolutionProperties) = preSolution
		HideSolutionNode = FALSE
	EndGlobalSection
	GlobalSection(ExtensibilityGlobals) = postSolution
		SolutionGuid = {05C02AA9-5788-4573-85AF-0DF8E2638E81}
	EndGlobalSection
EndGlobal
